
Microsoft Visual Studio Solution File, Format Version 11.00
# Visual Studio 2010
Project("{FAE04EC0-301F-11D3-BF4B-00C04F79EFBC}") = "ContentHijacking", "MyTestSilverlightApplication_v1\ContentHijacking.csproj", "{716823BA-60C8-4982-A4D6-138DA5DEF5BA}"
EndProject
Project("{FAE04EC0-301F-11D3-BF4B-00C04F79EFBC}") = "ContentHijacking_WebServer.Web", "MyTestSilverlightApplication_v1_WebServer.Web\ContentHijacking_WebServer.Web.csproj", "{05C91E49-7E7D-4407-AA96-FAC927C43688}"
EndProject
Global
	GlobalSection(SolutionConfigurationPlatforms) = preSolution
		Debug|Any CPU = Debug|Any CPU
		Release|Any CPU = Release|Any CPU
	EndGlobalSection
	GlobalSection(ProjectConfigurationPlatforms) = postSolution
		{716823BA-60C8-4982-A4D6-138DA5DEF5BA}.Debug|Any CPU.ActiveCfg = Debug|Any CPU
		{716823BA-60C8-4982-A4D6-138DA5DEF5BA}.Debug|Any CPU.Build.0 = Debug|Any CPU
		{716823BA-60C8-4982-A4D6-138DA5DEF5BA}.Release|Any CPU.ActiveCfg = Release|Any CPU
		{716823BA-60C8-4982-A4D6-138DA5DEF5BA}.Release|Any CPU.Build.0 = Release|Any CPU
		{05C91E49-7E7D-4407-AA96-FAC927C43688}.Debug|Any CPU.ActiveCfg = Debug|Any CPU
		{05C91E49-7E7D-4407-AA96-FAC927C43688}.Debug|Any CPU.Build.0 = Debug|Any CPU
		{05C91E49-7E7D-4407-AA96-FAC927C43688}.Release|Any CPU.ActiveCfg = Release|Any CPU
		{05C91E49-7E7D-4407-AA96-FAC927C43688}.Release|Any CPU.Build.0 = Release|Any CPU
	EndGlobalSection
	GlobalSection(SolutionProperties) = preSolution
		HideSolutionNode = FALSE
	EndGlobalSection
EndGlobal
